{
  "name": "LeanCon assignment",
  "lockfileVersion": 3,
  "requires": true,
  "packages": {
    "": {
      "dependencies": {
        "@thatopen/fragments": "^3.1.6"
      }
    },
    "node_modules/@thatopen/fragments": {
      "version": "3.1.6",
      "resolved": "https://registry.npmjs.org/@thatopen/fragments/-/fragments-3.1.6.tgz",
      "integrity": "sha512-aVuNRaR1CMuwO5AP6ReT2DRGsPWFChyJToOtYhAXo6slAqCGFjXbc6lPWqY1HdWwIB4bYzFMmDFuCdQFv4eMTg==",
      "license": "MIT",
      "dependencies": {
        "earcut": "^3.0.1",
        "flatbuffers": "25.2.10",
        "lru-cache": "11.1.0",
        "pako": "2.1.0"
      },
      "peerDependencies": {
        "three": ">=0.175",
        "web-ifc": "0.0.70"
      }
    },
    "node_modules/earcut": {
      "version": "3.0.2",
      "resolved": "https://registry.npmjs.org/earcut/-/earcut-3.0.2.tgz",
      "integrity": "sha512-X7hshQbLyMJ/3RPhyObLARM2sNxxmRALLKx1+NVFFnQ9gKzmCrxm9+uLIAdBcvc8FNLpctqlQ2V6AE92Ol9UDQ==",
      "license": "ISC"
    },
    "node_modules/flatbuffers": {
      "version": "25.2.10",
      "resolved": "https://registry.npmjs.org/flatbuffers/-/flatbuffers-25.2.10.tgz",
      "integrity": "sha512-7JlN9ZvLDG1McO3kbX0k4v+SUAg48L1rIwEvN6ZQl/eCtgJz9UylTMzE9wrmYrcorgxm3CX/3T/w5VAub99UUw==",
      "license": "Apache-2.0"
    },
    "node_modules/lru-cache": {
      "version": "11.1.0",
      "resolved": "https://registry.npmjs.org/lru-cache/-/lru-cache-11.1.0.tgz",
      "integrity": "sha512-QIXZUBJUx+2zHUdQujWejBkcD9+cs94tLn0+YL8UrCh+D5sCXZ4c7LaEH48pNwRY3MLDgqUFyhlCyjJPf1WP0A==",
      "license": "ISC",
      "engines": {
        "node": "20 || >=22"
      }
    },
    "node_modules/pako": {
      "version": "2.1.0",
      "resolved": "https://registry.npmjs.org/pako/-/pako-2.1.0.tgz",
      "integrity": "sha512-w+eufiZ1WuJYgPXbV/PO3NCMEc3xqylkKHzp8bxp1uW4qaSNQUkwmLLEc3kKsfz8lpV1F8Ht3U1Cm+9Srog2ug==",
      "license": "(MIT AND Zlib)"
    },
    "node_modules/three": {
      "version": "0.179.1",
      "resolved": "https://registry.npmjs.org/three/-/three-0.179.1.tgz",
      "integrity": "sha512-5y/elSIQbrvKOISxpwXCR4sQqHtGiOI+MKLc3SsBdDXA2hz3Mdp3X59aUp8DyybMa34aeBwbFTpdoLJaUDEWSw==",
      "license": "MIT",
      "peer": true
    },
    "node_modules/web-ifc": {
      "version": "0.0.70",
      "resolved": "https://registry.npmjs.org/web-ifc/-/web-ifc-0.0.70.tgz",
      "integrity": "sha512-uAeq7x0w7Nv0x2WUaUJrWosju/AfHkLXUhmWO9T/0QbXEHsi3K7yl/gBsJM3PM9APl1YPa2nxKYNBc1b8rRWNg==",
      "license": "MPL-2.0",
      "peer": true
    }
  }
}
